
Microsoft Visual Studio Solution File, Format Version 12.00
# Visual Studio 15
VisualStudioVersion = 15.0.28307.757
MinimumVisualStudioVersion = 10.0.40219.1
Project("{8BC9CEB8-8B4A-11D0-8D11-00A0C91BC942}") = "DirectX", "DirectX\DirectX.vcxproj", "{F6352A12-EEEB-43FB-899F-F233D5D6350D}"
EndProject
Project("{8BC9CEB8-8B4A-11D0-8D11-00A0C91BC942}") = "01_CreateDeivice", "01_CreateDeivice\01_CreateDeivice.vcxproj", "{82CA5E40-1FEF-4AEB-8C33-6928B66C520E}"
EndProject
Project("{8BC9CEB8-8B4A-11D0-8D11-00A0C91BC942}") = "02_Vertives", "02_Vertives\02_Vertives.vcxproj", "{9DF4A89C-0BFC-4E6E-B847-E586135300C5}"
EndProject
Project("{8BC9CEB8-8B4A-11D0-8D11-00A0C91BC942}") = "03_Matices", "03_Matices\03_Matices.vcxproj", "{51B6D5AD-B2E8-4279-8CEA-D3F54688FD41}"
EndProject
Project("{8BC9CEB8-8B4A-11D0-8D11-00A0C91BC942}") = "04_Light", "04_Light\04_Light.vcxproj", "{2FCE59E5-7CA2-48C6-826D-7E249F88A314}"
EndProject
Project("{8BC9CEB8-8B4A-11D0-8D11-00A0C91BC942}") = "05_Texture", "05_Texture\05_Texture.vcxproj", "{2C7D4065-16D8-45CC-AC4A-852B47CD0A95}"
EndProject
Project("{8BC9CEB8-8B4A-11D0-8D11-00A0C91BC942}") = "06_Mesh", "06_Mesh\06_Mesh.vcxproj", "{E83FA3A0-7738-4330-82E3-78FDDCA55579}"
EndProject
Project("{8BC9CEB8-8B4A-11D0-8D11-00A0C91BC942}") = "07_IndexBuffer", "07_IndexBuffer\07_IndexBuffer.vcxproj", "{0B7717F1-1640-4052-8D44-647BE45E18C4}"
EndProject
Project("{8BC9CEB8-8B4A-11D0-8D11-00A0C91BC942}") = "08_Func", "08_Func\08_Func.vcxproj", "{B5ABD09D-8519-4A9F-8F74-DD9366A64F29}"
EndProject
Project("{8BC9CEB8-8B4A-11D0-8D11-00A0C91BC942}") = "09_Animation_keyframe", "09_Animation_keyframe\09_Animation_keyframe.vcxproj", "{3AD5F7C7-E37A-43D0-A25E-5CB0347E6A15}"
EndProject
Project("{8BC9CEB8-8B4A-11D0-8D11-00A0C91BC942}") = "09_LightMap", "09_LightMap\09_LightMap.vcxproj", "{C6B9AA53-C95D-444B-851C-CE12C93FE8D7}"
EndProject
Project("{8BC9CEB8-8B4A-11D0-8D11-00A0C91BC942}") = "10_HeightMap", "10_HeightMap\10_HeightMap.vcxproj", "{779F7EC4-0A41-4DB8-8B3B-25BFD50C8699}"
EndProject
Project("{8BC9CEB8-8B4A-11D0-8D11-00A0C91BC942}") = "11_BillBorardTree", "11_BillBorardTree\11_BillBorardTree.vcxproj", "{D1147A8F-406F-4A05-9E29-51E9A1E7E04D}"
EndProject
Project("{8BC9CEB8-8B4A-11D0-8D11-00A0C91BC942}") = "12_QuadTree", "12_QuadTree\12_QuadTree.vcxproj", "{3BD64D0C-6064-4E94-93B9-EA377CD04188}"
EndProject
Project("{8BC9CEB8-8B4A-11D0-8D11-00A0C91BC942}") = "13_FrustumCulling", "13_FrustumCulling\13_FrustumCulling.vcxproj", "{F0D1C6E9-C7B6-4AD9-9157-25CF99FC79DF}"
EndProject
Project("{8BC9CEB8-8B4A-11D0-8D11-00A0C91BC942}") = "14_LOD", "14_LOD\14_LOD.vcxproj", "{1DFC20CB-E93B-414E-A514-12D5A1CAF5DE}"
EndProject
Project("{8BC9CEB8-8B4A-11D0-8D11-00A0C91BC942}") = "15_LOD_FIX", "15_LOD_FIX\15_LOD_FIX.vcxproj", "{E21E71FC-321F-42C9-B19B-38E5B74DFFDE}"
EndProject
Project("{8BC9CEB8-8B4A-11D0-8D11-00A0C91BC942}") = "TankGame", "TankGame\TankGame.vcxproj", "{8D8A846F-CBD8-4FD7-9D88-985C04FEE072}"
EndProject
Project("{8BC9CEB8-8B4A-11D0-8D11-00A0C91BC942}") = "16_ASEParser", "16_ASEParser\16_ASEParser.vcxproj", "{7685F955-8D37-4B13-B030-34A41CC46CA3}"
EndProject
Project("{8BC9CEB8-8B4A-11D0-8D11-00A0C91BC942}") = "17_HLSL_Basic", "17_HLSL_Basic\17_HLSL_Basic.vcxproj", "{58D11B02-6CEF-471F-AF3B-746239FF980E}"
EndProject
Project("{8BC9CEB8-8B4A-11D0-8D11-00A0C91BC942}") = "18_HLSL_Texture", "18_HLSL_Texture\18_HLSL_Texture.vcxproj", "{EACDCEAE-BE19-437A-A862-E0E4D327CEF4}"
EndProject
Project("{8BC9CEB8-8B4A-11D0-8D11-00A0C91BC942}") = "19_HLSL_Lighting", "19_HLSL_Lighting\19_HLSL_Lighting.vcxproj", "{71AE5948-728D-4E55-8ABC-533D245E3BF5}"
EndProject
Project("{8BC9CEB8-8B4A-11D0-8D11-00A0C91BC942}") = "SolarSystem", "SolarSystem\SolarSystem.vcxproj", "{5FB4F529-12A6-41E3-AB25-1E92939B308A}"
EndProject
Project("{8BC9CEB8-8B4A-11D0-8D11-00A0C91BC942}") = "20_HLSL_NormalMapping", "20_HLSL_NormalMapping\20_HLSL_NormalMapping.vcxproj", "{F006C539-11EB-4B1B-9C78-FC95E5C6B53B}"
EndProject
Project("{8BC9CEB8-8B4A-11D0-8D11-00A0C91BC942}") = "21_HLSL_ShadowMapping", "21_HLSL_ShadowMapping\21_HLSL_ShadowMapping.vcxproj", "{BE8FA81C-CEA3-49F7-B384-AEA495DA1FD0}"
EndProject
Global
	GlobalSection(SolutionConfigurationPlatforms) = preSolution
		Debug|x64 = Debug|x64
		Debug|x86 = Debug|x86
		Release|x64 = Release|x64
		Release|x86 = Release|x86
	EndGlobalSection
	GlobalSection(ProjectConfigurationPlatforms) = postSolution
		{F6352A12-EEEB-43FB-899F-F233D5D6350D}.Debug|x64.ActiveCfg = Debug|x64
		{F6352A12-EEEB-43FB-899F-F233D5D6350D}.Debug|x64.Build.0 = Debug|x64
		{F6352A12-EEEB-43FB-899F-F233D5D6350D}.Debug|x86.ActiveCfg = Debug|Win32
		{F6352A12-EEEB-43FB-899F-F233D5D6350D}.Debug|x86.Build.0 = Debug|Win32
		{F6352A12-EEEB-43FB-899F-F233D5D6350D}.Release|x64.ActiveCfg = Release|x64
		{F6352A12-EEEB-43FB-899F-F233D5D6350D}.Release|x64.Build.0 = Release|x64
		{F6352A12-EEEB-43FB-899F-F233D5D6350D}.Release|x86.ActiveCfg = Release|Win32
		{F6352A12-EEEB-43FB-899F-F233D5D6350D}.Release|x86.Build.0 = Release|Win32
		{82CA5E40-1FEF-4AEB-8C33-6928B66C520E}.Debug|x64.ActiveCfg = Debug|x64
		{82CA5E40-1FEF-4AEB-8C33-6928B66C520E}.Debug|x64.Build.0 = Debug|x64
		{82CA5E40-1FEF-4AEB-8C33-6928B66C520E}.Debug|x86.ActiveCfg = Debug|Win32
		{82CA5E40-1FEF-4AEB-8C33-6928B66C520E}.Debug|x86.Build.0 = Debug|Win32
		{82CA5E40-1FEF-4AEB-8C33-6928B66C520E}.Release|x64.ActiveCfg = Release|x64
		{82CA5E40-1FEF-4AEB-8C33-6928B66C520E}.Release|x64.Build.0 = Release|x64
		{82CA5E40-1FEF-4AEB-8C33-6928B66C520E}.Release|x86.ActiveCfg = Release|Win32
		{82CA5E40-1FEF-4AEB-8C33-6928B66C520E}.Release|x86.Build.0 = Release|Win32
		{9DF4A89C-0BFC-4E6E-B847-E586135300C5}.Debug|x64.ActiveCfg = Debug|x64
		{9DF4A89C-0BFC-4E6E-B847-E586135300C5}.Debug|x64.Build.0 = Debug|x64
		{9DF4A89C-0BFC-4E6E-B847-E586135300C5}.Debug|x86.ActiveCfg = Debug|Win32
		{9DF4A89C-0BFC-4E6E-B847-E586135300C5}.Debug|x86.Build.0 = Debug|Win32
		{9DF4A89C-0BFC-4E6E-B847-E586135300C5}.Release|x64.ActiveCfg = Release|x64
		{9DF4A89C-0BFC-4E6E-B847-E586135300C5}.Release|x64.Build.0 = Release|x64
		{9DF4A89C-0BFC-4E6E-B847-E586135300C5}.Release|x86.ActiveCfg = Release|Win32
		{9DF4A89C-0BFC-4E6E-B847-E586135300C5}.Release|x86.Build.0 = Release|Win32
		{51B6D5AD-B2E8-4279-8CEA-D3F54688FD41}.Debug|x64.ActiveCfg = Debug|x64
		{51B6D5AD-B2E8-4279-8CEA-D3F54688FD41}.Debug|x64.Build.0 = Debug|x64
		{51B6D5AD-B2E8-4279-8CEA-D3F54688FD41}.Debug|x86.ActiveCfg = Debug|Win32
		{51B6D5AD-B2E8-4279-8CEA-D3F54688FD41}.Debug|x86.Build.0 = Debug|Win32
		{51B6D5AD-B2E8-4279-8CEA-D3F54688FD41}.Release|x64.ActiveCfg = Release|x64
		{51B6D5AD-B2E8-4279-8CEA-D3F54688FD41}.Release|x64.Build.0 = Release|x64
		{51B6D5AD-B2E8-4279-8CEA-D3F54688FD41}.Release|x86.ActiveCfg = Release|Win32
		{51B6D5AD-B2E8-4279-8CEA-D3F54688FD41}.Release|x86.Build.0 = Release|Win32
		{2FCE59E5-7CA2-48C6-826D-7E249F88A314}.Debug|x64.ActiveCfg = Debug|x64
		{2FCE59E5-7CA2-48C6-826D-7E249F88A314}.Debug|x64.Build.0 = Debug|x64
		{2FCE59E5-7CA2-48C6-826D-7E249F88A314}.Debug|x86.ActiveCfg = Debug|Win32
		{2FCE59E5-7CA2-48C6-826D-7E249F88A314}.Debug|x86.Build.0 = Debug|Win32
		{2FCE59E5-7CA2-48C6-826D-7E249F88A314}.Release|x64.ActiveCfg = Release|x64
		{2FCE59E5-7CA2-48C6-826D-7E249F88A314}.Release|x64.Build.0 = Release|x64
		{2FCE59E5-7CA2-48C6-826D-7E249F88A314}.Release|x86.ActiveCfg = Release|Win32
		{2FCE59E5-7CA2-48C6-826D-7E249F88A314}.Release|x86.Build.0 = Release|Win32
		{2C7D4065-16D8-45CC-AC4A-852B47CD0A95}.Debug|x64.ActiveCfg = Debug|x64
		{2C7D4065-16D8-45CC-AC4A-852B47CD0A95}.Debug|x64.Build.0 = Debug|x64
		{2C7D4065-16D8-45CC-AC4A-852B47CD0A95}.Debug|x86.ActiveCfg = Debug|Win32
		{2C7D4065-16D8-45CC-AC4A-852B47CD0A95}.Debug|x86.Build.0 = Debug|Win32
		{2C7D4065-16D8-45CC-AC4A-852B47CD0A95}.Release|x64.ActiveCfg = Release|x64
		{2C7D4065-16D8-45CC-AC4A-852B47CD0A95}.Release|x64.Build.0 = Release|x64
		{2C7D4065-16D8-45CC-AC4A-852B47CD0A95}.Release|x86.ActiveCfg = Release|Win32
		{2C7D4065-16D8-45CC-AC4A-852B47CD0A95}.Release|x86.Build.0 = Release|Win32
		{E83FA3A0-7738-4330-82E3-78FDDCA55579}.Debug|x64.ActiveCfg = Debug|x64
		{E83FA3A0-7738-4330-82E3-78FDDCA55579}.Debug|x64.Build.0 = Debug|x64
		{E83FA3A0-7738-4330-82E3-78FDDCA55579}.Debug|x86.ActiveCfg = Debug|Win32
		{E83FA3A0-7738-4330-82E3-78FDDCA55579}.Debug|x86.Build.0 = Debug|Win32
		{E83FA3A0-7738-4330-82E3-78FDDCA55579}.Release|x64.ActiveCfg = Release|x64
		{E83FA3A0-7738-4330-82E3-78FDDCA55579}.Release|x64.Build.0 = Release|x64
		{E83FA3A0-7738-4330-82E3-78FDDCA55579}.Release|x86.ActiveCfg = Release|Win32
		{E83FA3A0-7738-4330-82E3-78FDDCA55579}.Release|x86.Build.0 = Release|Win32
		{0B7717F1-1640-4052-8D44-647BE45E18C4}.Debug|x64.ActiveCfg = Debug|x64
		{0B7717F1-1640-4052-8D44-647BE45E18C4}.Debug|x64.Build.0 = Debug|x64
		{0B7717F1-1640-4052-8D44-647BE45E18C4}.Debug|x86.ActiveCfg = Debug|Win32
		{0B7717F1-1640-4052-8D44-647BE45E18C4}.Debug|x86.Build.0 = Debug|Win32
		{0B7717F1-1640-4052-8D44-647BE45E18C4}.Release|x64.ActiveCfg = Release|x64
		{0B7717F1-1640-4052-8D44-647BE45E18C4}.Release|x64.Build.0 = Release|x64
		{0B7717F1-1640-4052-8D44-647BE45E18C4}.Release|x86.ActiveCfg = Release|Win32
		{0B7717F1-1640-4052-8D44-647BE45E18C4}.Release|x86.Build.0 = Release|Win32
		{B5ABD09D-8519-4A9F-8F74-DD9366A64F29}.Debug|x64.ActiveCfg = Debug|x64
		{B5ABD09D-8519-4A9F-8F74-DD9366A64F29}.Debug|x64.Build.0 = Debug|x64
		{B5ABD09D-8519-4A9F-8F74-DD9366A64F29}.Debug|x86.ActiveCfg = Debug|Win32
		{B5ABD09D-8519-4A9F-8F74-DD9366A64F29}.Debug|x86.Build.0 = Debug|Win32
		{B5ABD09D-8519-4A9F-8F74-DD9366A64F29}.Release|x64.ActiveCfg = Release|x64
		{B5ABD09D-8519-4A9F-8F74-DD9366A64F29}.Release|x64.Build.0 = Release|x64
		{B5ABD09D-8519-4A9F-8F74-DD9366A64F29}.Release|x86.ActiveCfg = Release|Win32
		{B5ABD09D-8519-4A9F-8F74-DD9366A64F29}.Release|x86.Build.0 = Release|Win32
		{3AD5F7C7-E37A-43D0-A25E-5CB0347E6A15}.Debug|x64.ActiveCfg = Debug|x64
		{3AD5F7C7-E37A-43D0-A25E-5CB0347E6A15}.Debug|x64.Build.0 = Debug|x64
		{3AD5F7C7-E37A-43D0-A25E-5CB0347E6A15}.Debug|x86.ActiveCfg = Debug|Win32
		{3AD5F7C7-E37A-43D0-A25E-5CB0347E6A15}.Debug|x86.Build.0 = Debug|Win32
		{3AD5F7C7-E37A-43D0-A25E-5CB0347E6A15}.Release|x64.ActiveCfg = Release|x64
		{3AD5F7C7-E37A-43D0-A25E-5CB0347E6A15}.Release|x64.Build.0 = Release|x64
		{3AD5F7C7-E37A-43D0-A25E-5CB0347E6A15}.Release|x86.ActiveCfg = Release|Win32
		{3AD5F7C7-E37A-43D0-A25E-5CB0347E6A15}.Release|x86.Build.0 = Release|Win32
		{C6B9AA53-C95D-444B-851C-CE12C93FE8D7}.Debug|x64.ActiveCfg = Debug|x64
		{C6B9AA53-C95D-444B-851C-CE12C93FE8D7}.Debug|x64.Build.0 = Debug|x64
		{C6B9AA53-C95D-444B-851C-CE12C93FE8D7}.Debug|x86.ActiveCfg = Debug|Win32
		{C6B9AA53-C95D-444B-851C-CE12C93FE8D7}.Debug|x86.Build.0 = Debug|Win32
		{C6B9AA53-C95D-444B-851C-CE12C93FE8D7}.Release|x64.ActiveCfg = Release|x64
		{C6B9AA53-C95D-444B-851C-CE12C93FE8D7}.Release|x64.Build.0 = Release|x64
		{C6B9AA53-C95D-444B-851C-CE12C93FE8D7}.Release|x86.ActiveCfg = Release|Win32
		{C6B9AA53-C95D-444B-851C-CE12C93FE8D7}.Release|x86.Build.0 = Release|Win32
		{779F7EC4-0A41-4DB8-8B3B-25BFD50C8699}.Debug|x64.ActiveCfg = Debug|x64
		{779F7EC4-0A41-4DB8-8B3B-25BFD50C8699}.Debug|x64.Build.0 = Debug|x64
		{779F7EC4-0A41-4DB8-8B3B-25BFD50C8699}.Debug|x86.ActiveCfg = Debug|Win32
		{779F7EC4-0A41-4DB8-8B3B-25BFD50C8699}.Debug|x86.Build.0 = Debug|Win32
		{779F7EC4-0A41-4DB8-8B3B-25BFD50C8699}.Release|x64.ActiveCfg = Release|x64
		{779F7EC4-0A41-4DB8-8B3B-25BFD50C8699}.Release|x64.Build.0 = Release|x64
		{779F7EC4-0A41-4DB8-8B3B-25BFD50C8699}.Release|x86.ActiveCfg = Release|Win32
		{779F7EC4-0A41-4DB8-8B3B-25BFD50C8699}.Release|x86.Build.0 = Release|Win32
		{D1147A8F-406F-4A05-9E29-51E9A1E7E04D}.Debug|x64.ActiveCfg = Debug|x64
		{D1147A8F-406F-4A05-9E29-51E9A1E7E04D}.Debug|x64.Build.0 = Debug|x64
		{D1147A8F-406F-4A05-9E29-51E9A1E7E04D}.Debug|x86.ActiveCfg = Debug|Win32
		{D1147A8F-406F-4A05-9E29-51E9A1E7E04D}.Debug|x86.Build.0 = Debug|Win32
		{D1147A8F-406F-4A05-9E29-51E9A1E7E04D}.Release|x64.ActiveCfg = Release|x64
		{D1147A8F-406F-4A05-9E29-51E9A1E7E04D}.Release|x64.Build.0 = Release|x64
		{D1147A8F-406F-4A05-9E29-51E9A1E7E04D}.Release|x86.ActiveCfg = Release|Win32
		{D1147A8F-406F-4A05-9E29-51E9A1E7E04D}.Release|x86.Build.0 = Release|Win32
		{3BD64D0C-6064-4E94-93B9-EA377CD04188}.Debug|x64.ActiveCfg = Debug|x64
		{3BD64D0C-6064-4E94-93B9-EA377CD04188}.Debug|x64.Build.0 = Debug|x64
		{3BD64D0C-6064-4E94-93B9-EA377CD04188}.Debug|x86.ActiveCfg = Debug|Win32
		{3BD64D0C-6064-4E94-93B9-EA377CD04188}.Debug|x86.Build.0 = Debug|Win32
		{3BD64D0C-6064-4E94-93B9-EA377CD04188}.Release|x64.ActiveCfg = Release|x64
		{3BD64D0C-6064-4E94-93B9-EA377CD04188}.Release|x64.Build.0 = Release|x64
		{3BD64D0C-6064-4E94-93B9-EA377CD04188}.Release|x86.ActiveCfg = Release|Win32
		{3BD64D0C-6064-4E94-93B9-EA377CD04188}.Release|x86.Build.0 = Release|Win32
		{F0D1C6E9-C7B6-4AD9-9157-25CF99FC79DF}.Debug|x64.ActiveCfg = Debug|x64
		{F0D1C6E9-C7B6-4AD9-9157-25CF99FC79DF}.Debug|x64.Build.0 = Debug|x64
		{F0D1C6E9-C7B6-4AD9-9157-25CF99FC79DF}.Debug|x86.ActiveCfg = Debug|Win32
		{F0D1C6E9-C7B6-4AD9-9157-25CF99FC79DF}.Debug|x86.Build.0 = Debug|Win32
		{F0D1C6E9-C7B6-4AD9-9157-25CF99FC79DF}.Release|x64.ActiveCfg = Release|x64
		{F0D1C6E9-C7B6-4AD9-9157-25CF99FC79DF}.Release|x64.Build.0 = Release|x64
		{F0D1C6E9-C7B6-4AD9-9157-25CF99FC79DF}.Release|x86.ActiveCfg = Release|Win32
		{F0D1C6E9-C7B6-4AD9-9157-25CF99FC79DF}.Release|x86.Build.0 = Release|Win32
		{1DFC20CB-E93B-414E-A514-12D5A1CAF5DE}.Debug|x64.ActiveCfg = Debug|x64
		{1DFC20CB-E93B-414E-A514-12D5A1CAF5DE}.Debug|x64.Build.0 = Debug|x64
		{1DFC20CB-E93B-414E-A514-12D5A1CAF5DE}.Debug|x86.ActiveCfg = Debug|Win32
		{1DFC20CB-E93B-414E-A514-12D5A1CAF5DE}.Debug|x86.Build.0 = Debug|Win32
		{1DFC20CB-E93B-414E-A514-12D5A1CAF5DE}.Release|x64.ActiveCfg = Release|x64
		{1DFC20CB-E93B-414E-A514-12D5A1CAF5DE}.Release|x64.Build.0 = Release|x64
		{1DFC20CB-E93B-414E-A514-12D5A1CAF5DE}.Release|x86.ActiveCfg = Release|Win32
		{1DFC20CB-E93B-414E-A514-12D5A1CAF5DE}.Release|x86.Build.0 = Release|Win32
		{E21E71FC-321F-42C9-B19B-38E5B74DFFDE}.Debug|x64.ActiveCfg = Debug|x64
		{E21E71FC-321F-42C9-B19B-38E5B74DFFDE}.Debug|x64.Build.0 = Debug|x64
		{E21E71FC-321F-42C9-B19B-38E5B74DFFDE}.Debug|x86.ActiveCfg = Debug|Win32
		{E21E71FC-321F-42C9-B19B-38E5B74DFFDE}.Debug|x86.Build.0 = Debug|Win32
		{E21E71FC-321F-42C9-B19B-38E5B74DFFDE}.Release|x64.ActiveCfg = Release|x64
		{E21E71FC-321F-42C9-B19B-38E5B74DFFDE}.Release|x64.Build.0 = Release|x64
		{E21E71FC-321F-42C9-B19B-38E5B74DFFDE}.Release|x86.ActiveCfg = Release|Win32
		{E21E71FC-321F-42C9-B19B-38E5B74DFFDE}.Release|x86.Build.0 = Release|Win32
		{8D8A846F-CBD8-4FD7-9D88-985C04FEE072}.Debug|x64.ActiveCfg = Debug|x64
		{8D8A846F-CBD8-4FD7-9D88-985C04FEE072}.Debug|x64.Build.0 = Debug|x64
		{8D8A846F-CBD8-4FD7-9D88-985C04FEE072}.Debug|x86.ActiveCfg = Debug|Win32
		{8D8A846F-CBD8-4FD7-9D88-985C04FEE072}.Debug|x86.Build.0 = Debug|Win32
		{8D8A846F-CBD8-4FD7-9D88-985C04FEE072}.Release|x64.ActiveCfg = Release|x64
		{8D8A846F-CBD8-4FD7-9D88-985C04FEE072}.Release|x64.Build.0 = Release|x64
		{8D8A846F-CBD8-4FD7-9D88-985C04FEE072}.Release|x86.ActiveCfg = Release|Win32
		{8D8A846F-CBD8-4FD7-9D88-985C04FEE072}.Release|x86.Build.0 = Release|Win32
		{7685F955-8D37-4B13-B030-34A41CC46CA3}.Debug|x64.ActiveCfg = Debug|x64
		{7685F955-8D37-4B13-B030-34A41CC46CA3}.Debug|x64.Build.0 = Debug|x64
		{7685F955-8D37-4B13-B030-34A41CC46CA3}.Debug|x86.ActiveCfg = Debug|Win32
		{7685F955-8D37-4B13-B030-34A41CC46CA3}.Debug|x86.Build.0 = Debug|Win32
		{7685F955-8D37-4B13-B030-34A41CC46CA3}.Release|x64.ActiveCfg = Release|x64
		{7685F955-8D37-4B13-B030-34A41CC46CA3}.Release|x64.Build.0 = Release|x64
		{7685F955-8D37-4B13-B030-34A41CC46CA3}.Release|x86.ActiveCfg = Release|Win32
		{7685F955-8D37-4B13-B030-34A41CC46CA3}.Release|x86.Build.0 = Release|Win32
		{58D11B02-6CEF-471F-AF3B-746239FF980E}.Debug|x64.ActiveCfg = Debug|x64
		{58D11B02-6CEF-471F-AF3B-746239FF980E}.Debug|x64.Build.0 = Debug|x64
		{58D11B02-6CEF-471F-AF3B-746239FF980E}.Debug|x86.ActiveCfg = Debug|Win32
		{58D11B02-6CEF-471F-AF3B-746239FF980E}.Debug|x86.Build.0 = Debug|Win32
		{58D11B02-6CEF-471F-AF3B-746239FF980E}.Release|x64.ActiveCfg = Release|x64
		{58D11B02-6CEF-471F-AF3B-746239FF980E}.Release|x64.Build.0 = Release|x64
		{58D11B02-6CEF-471F-AF3B-746239FF980E}.Release|x86.ActiveCfg = Release|Win32
		{58D11B02-6CEF-471F-AF3B-746239FF980E}.Release|x86.Build.0 = Release|Win32
		{EACDCEAE-BE19-437A-A862-E0E4D327CEF4}.Debug|x64.ActiveCfg = Debug|x64
		{EACDCEAE-BE19-437A-A862-E0E4D327CEF4}.Debug|x64.Build.0 = Debug|x64
		{EACDCEAE-BE19-437A-A862-E0E4D327CEF4}.Debug|x86.ActiveCfg = Debug|Win32
		{EACDCEAE-BE19-437A-A862-E0E4D327CEF4}.Debug|x86.Build.0 = Debug|Win32
		{EACDCEAE-BE19-437A-A862-E0E4D327CEF4}.Release|x64.ActiveCfg = Release|x64
		{EACDCEAE-BE19-437A-A862-E0E4D327CEF4}.Release|x64.Build.0 = Release|x64
		{EACDCEAE-BE19-437A-A862-E0E4D327CEF4}.Release|x86.ActiveCfg = Release|Win32
		{EACDCEAE-BE19-437A-A862-E0E4D327CEF4}.Release|x86.Build.0 = Release|Win32
		{71AE5948-728D-4E55-8ABC-533D245E3BF5}.Debug|x64.ActiveCfg = Debug|x64
		{71AE5948-728D-4E55-8ABC-533D245E3BF5}.Debug|x64.Build.0 = Debug|x64
		{71AE5948-728D-4E55-8ABC-533D245E3BF5}.Debug|x86.ActiveCfg = Debug|Win32
		{71AE5948-728D-4E55-8ABC-533D245E3BF5}.Debug|x86.Build.0 = Debug|Win32
		{71AE5948-728D-4E55-8ABC-533D245E3BF5}.Release|x64.ActiveCfg = Release|x64
		{71AE5948-728D-4E55-8ABC-533D245E3BF5}.Release|x64.Build.0 = Release|x64
		{71AE5948-728D-4E55-8ABC-533D245E3BF5}.Release|x86.ActiveCfg = Release|Win32
		{71AE5948-728D-4E55-8ABC-533D245E3BF5}.Release|x86.Build.0 = Release|Win32
		{5FB4F529-12A6-41E3-AB25-1E92939B308A}.Debug|x64.ActiveCfg = Debug|x64
		{5FB4F529-12A6-41E3-AB25-1E92939B308A}.Debug|x64.Build.0 = Debug|x64
		{5FB4F529-12A6-41E3-AB25-1E92939B308A}.Debug|x86.ActiveCfg = Debug|Win32
		{5FB4F529-12A6-41E3-AB25-1E92939B308A}.Debug|x86.Build.0 = Debug|Win32
		{5FB4F529-12A6-41E3-AB25-1E92939B308A}.Release|x64.ActiveCfg = Release|x64
		{5FB4F529-12A6-41E3-AB25-1E92939B308A}.Release|x64.Build.0 = Release|x64
		{5FB4F529-12A6-41E3-AB25-1E92939B308A}.Release|x86.ActiveCfg = Release|Win32
		{5FB4F529-12A6-41E3-AB25-1E92939B308A}.Release|x86.Build.0 = Release|Win32
		{F006C539-11EB-4B1B-9C78-FC95E5C6B53B}.Debug|x64.ActiveCfg = Debug|x64
		{F006C539-11EB-4B1B-9C78-FC95E5C6B53B}.Debug|x64.Build.0 = Debug|x64
		{F006C539-11EB-4B1B-9C78-FC95E5C6B53B}.Debug|x86.ActiveCfg = Debug|Win32
		{F006C539-11EB-4B1B-9C78-FC95E5C6B53B}.Debug|x86.Build.0 = Debug|Win32
		{F006C539-11EB-4B1B-9C78-FC95E5C6B53B}.Release|x64.ActiveCfg = Release|x64
		{F006C539-11EB-4B1B-9C78-FC95E5C6B53B}.Release|x64.Build.0 = Release|x64
		{F006C539-11EB-4B1B-9C78-FC95E5C6B53B}.Release|x86.ActiveCfg = Release|Win32
		{F006C539-11EB-4B1B-9C78-FC95E5C6B53B}.Release|x86.Build.0 = Release|Win32
		{BE8FA81C-CEA3-49F7-B384-AEA495DA1FD0}.Debug|x64.ActiveCfg = Debug|x64
		{BE8FA81C-CEA3-49F7-B384-AEA495DA1FD0}.Debug|x64.Build.0 = Debug|x64
		{BE8FA81C-CEA3-49F7-B384-AEA495DA1FD0}.Debug|x86.ActiveCfg = Debug|Win32
		{BE8FA81C-CEA3-49F7-B384-AEA495DA1FD0}.Debug|x86.Build.0 = Debug|Win32
		{BE8FA81C-CEA3-49F7-B384-AEA495DA1FD0}.Release|x64.ActiveCfg = Release|x64
		{BE8FA81C-CEA3-49F7-B384-AEA495DA1FD0}.Release|x64.Build.0 = Release|x64
		{BE8FA81C-CEA3-49F7-B384-AEA495DA1FD0}.Release|x86.ActiveCfg = Release|Win32
		{BE8FA81C-CEA3-49F7-B384-AEA495DA1FD0}.Release|x86.Build.0 = Release|Win32
	EndGlobalSection
	GlobalSection(SolutionProperties) = preSolution
		HideSolutionNode = FALSE
	EndGlobalSection
	GlobalSection(ExtensibilityGlobals) = postSolution
		SolutionGuid = {CA31F349-935E-45D4-8835-18631FD9B826}
	EndGlobalSection
EndGlobal
